
Microsoft Visual Studio Solution File, Format Version 12.00
# Visual Studio Version 16
VisualStudioVersion = 16.0.31729.503
MinimumVisualStudioVersion = 10.0.40219.1
Project("{FAE04EC0-301F-11D3-BF4B-00C04F79EFBC}") = "GitEGithub", "GitEGithub\GitEGithub.csproj", "{F3745CCE-C9E2-49FC-9641-639628F5BEA6}"
EndProject
Global
	GlobalSection(SolutionConfigurationPlatforms) = preSolution
		Debug|Any CPU = Debug|Any CPU
		Release|Any CPU = Release|Any CPU
	EndGlobalSection
	GlobalSection(ProjectConfigurationPlatforms) = postSolution
		{F3745CCE-C9E2-49FC-9641-639628F5BEA6}.Debug|Any CPU.ActiveCfg = Debug|Any CPU
		{F3745CCE-C9E2-49FC-9641-639628F5BEA6}.Debug|Any CPU.Build.0 = Debug|Any CPU
		{F3745CCE-C9E2-49FC-9641-639628F5BEA6}.Release|Any CPU.ActiveCfg = Release|Any CPU
		{F3745CCE-C9E2-49FC-9641-639628F5BEA6}.Release|Any CPU.Build.0 = Release|Any CPU
	EndGlobalSection
	GlobalSection(SolutionProperties) = preSolution
		HideSolutionNode = FALSE
	EndGlobalSection
	GlobalSection(ExtensibilityGlobals) = postSolution
		SolutionGuid = {44050AF9-E131-49D3-B951-23D1021A749B}
	EndGlobalSection
EndGlobal
